// !$*UTF8*$!
{
	archiveVersion = 1;
	classes = {
	};
	objectVersion = 50;
	objects = {

/* Begin PBXBuildFile section */
		B272308F2193146B0062A270 /* AppDelegate.m in Sources */ = {isa = PBXBuildFile; fileRef = B272308E2193146B0062A270 /* AppDelegate.m */; };
		B27230982193146B0062A270 /* Main.storyboard in Resources */ = {isa = PBXBuildFile; fileRef = B27230962193146B0062A270 /* Main.storyboard */; };
		B272309A2193146D0062A270 /* Assets.xcassets in Resources */ = {isa = PBXBuildFile; fileRef = B27230992193146D0062A270 /* Assets.xcassets */; };
		B272309D2193146D0062A270 /* LaunchScreen.storyboard in Resources */ = {isa = PBXBuildFile; fileRef = B272309B2193146D0062A270 /* LaunchScreen.storyboard */; };
		B27230A02193146D0062A270 /* main.m in Sources */ = {isa = PBXBuildFile; fileRef = B272309F2193146D0062A270 /* main.m */; };
		B27230AE219316B60062A270 /* UITabBar+XPTabBarRefresh.m in Sources */ = {isa = PBXBuildFile; fileRef = B27230AD219316B60062A270 /* UITabBar+XPTabBarRefresh.m */; };
		B27230B1219317E10062A270 /* CustomRefreshView.m in Sources */ = {isa = PBXBuildFile; fileRef = B27230B0219317E10062A270 /* CustomRefreshView.m */; };
		B27230B9219320BA0062A270 /* FirstTableViewController.m in Sources */ = {isa = PBXBuildFile; fileRef = B27230B8219320BA0062A270 /* FirstTableViewController.m */; };
		B27230BC219320D00062A270 /* TableViewCell.m in Sources */ = {isa = PBXBuildFile; fileRef = B27230BB219320D00062A270 /* TableViewCell.m */; };
		B27230BF219320EB0062A270 /* SecondTableViewController.m in Sources */ = {isa = PBXBuildFile; fileRef = B27230BE219320EB0062A270 /* SecondTableViewController.m */; };
/* End PBXBuildFile section */

/* Begin PBXFileReference section */
		B272308A2193146B0062A270 /* Example.app */ = {isa = PBXFileReference; explicitFileType = wrapper.application; includeInIndex = 0; path = Example.app; sourceTree = BUILT_PRODUCTS_DIR; };
		B272308D2193146B0062A270 /* AppDelegate.h */ = {isa = PBXFileReference; lastKnownFileType = sourcecode.c.h; path = AppDelegate.h; sourceTree = "<group>"; };
		B272308E2193146B0062A270 /* AppDelegate.m */ = {isa = PBXFileReference; lastKnownFileType = sourcecode.c.objc; path = AppDelegate.m; sourceTree = "<group>"; };
		B27230972193146B0062A270 /* Base */ = {isa = PBXFileReference; lastKnownFileType = file.storyboard; name = Base; path = Base.lproj/Main.storyboard; sourceTree = "<group>"; };
		B27230992193146D0062A270 /* Assets.xcassets */ = {isa = PBXFileReference; lastKnownFileType = folder.assetcatalog; path = Assets.xcassets; sourceTree = "<group>"; };
		B272309C2193146D0062A270 /* Base */ = {isa = PBXFileReference; lastKnownFileType = file.storyboard; name = Base; path = Base.lproj/LaunchScreen.storyboard; sourceTree = "<group>"; };
		B272309E2193146D0062A270 /* Info.plist */ = {isa = PBXFileReference; lastKnownFileType = text.plist.xml; path = Info.plist; sourceTree = "<group>"; };
		B272309F2193146D0062A270 /* main.m */ = {isa = PBXFileReference; lastKnownFileType = sourcecode.c.objc; path = main.m; sourceTree = "<group>"; };
		B27230AC219316B60062A270 /* UITabBar+XPTabBarRefresh.h */ = {isa = PBXFileReference; fileEncoding = 4; lastKnownFileType = sourcecode.c.h; path = "UITabBar+XPTabBarRefresh.h"; sourceTree = "<group>"; };
		B27230AD219316B60062A270 /* UITabBar+XPTabBarRefresh.m */ = {isa = PBXFileReference; fileEncoding = 4; lastKnownFileType = sourcecode.c.objc; path = "UITabBar+XPTabBarRefresh.m"; sourceTree = "<group>"; };
		B27230AF219317E10062A270 /* CustomRefreshView.h */ = {isa = PBXFileReference; lastKnownFileType = sourcecode.c.h; path = CustomRefreshView.h; sourceTree = "<group>"; };
		B27230B0219317E10062A270 /* CustomRefreshView.m */ = {isa = PBXFileReference; lastKnownFileType = sourcecode.c.objc; path = CustomRefreshView.m; sourceTree = "<group>"; };
		B27230B7219320BA0062A270 /* FirstTableViewController.h */ = {isa = PBXFileReference; lastKnownFileType = sourcecode.c.h; path = FirstTableViewController.h; sourceTree = "<group>"; };
		B27230B8219320BA0062A270 /* FirstTableViewController.m */ = {isa = PBXFileReference; lastKnownFileType = sourcecode.c.objc; path = FirstTableViewController.m; sourceTree = "<group>"; };
		B27230BA219320D00062A270 /* TableViewCell.h */ = {isa = PBXFileReference; lastKnownFileType = sourcecode.c.h; path = TableViewCell.h; sourceTree = "<group>"; };
		B27230BB219320D00062A270 /* TableViewCell.m */ = {isa = PBXFileReference; lastKnownFileType = sourcecode.c.objc; path = TableViewCell.m; sourceTree = "<group>"; };
		B27230BD219320EB0062A270 /* SecondTableViewController.h */ = {isa = PBXFileReference; lastKnownFileType = sourcecode.c.h; path = SecondTableViewController.h; sourceTree = "<group>"; };
		B27230BE219320EB0062A270 /* SecondTableViewController.m */ = {isa = PBXFileReference; lastKnownFileType = sourcecode.c.objc; path = SecondTableViewController.m; sourceTree = "<group>"; };
/* End PBXFileReference section */

/* Begin PBXFrameworksBuildPhase section */
		B27230872193146B0062A270 /* Frameworks */ = {
			isa = PBXFrameworksBuildPhase;
			buildActionMask = 2147483647;
			files = (
			);
			runOnlyForDeploymentPostprocessing = 0;
		};
/* End PBXFrameworksBuildPhase section */

/* Begin PBXGroup section */
		B27230812193146B0062A270 = {
			isa = PBXGroup;
			children = (
				B272308C2193146B0062A270 /* Example */,
				B272308B2193146B0062A270 /* Products */,
			);
			sourceTree = "<group>";
		};
		B272308B2193146B0062A270 /* Products */ = {
			isa = PBXGroup;
			children = (
				B272308A2193146B0062A270 /* Example.app */,
			);
			name = Products;
			sourceTree = "<group>";
		};
		B272308C2193146B0062A270 /* Example */ = {
			isa = PBXGroup;
			children = (
				B27230B32193207F0062A270 /* View */,
				B27230B22193206D0062A270 /* Controller */,
				B27230AB219316B60062A270 /* XPTabBarRefresh */,
				B272308D2193146B0062A270 /* AppDelegate.h */,
				B272308E2193146B0062A270 /* AppDelegate.m */,
				B27230962193146B0062A270 /* Main.storyboard */,
				B27230992193146D0062A270 /* Assets.xcassets */,
				B272309B2193146D0062A270 /* LaunchScreen.storyboard */,
				B272309E2193146D0062A270 /* Info.plist */,
				B272309F2193146D0062A270 /* main.m */,
			);
			path = Example;
			sourceTree = "<group>";
		};
		B27230AB219316B60062A270 /* XPTabBarRefresh */ = {
			isa = PBXGroup;
			children = (
				B27230AC219316B60062A270 /* UITabBar+XPTabBarRefresh.h */,
				B27230AD219316B60062A270 /* UITabBar+XPTabBarRefresh.m */,
			);
			path = XPTabBarRefresh;
			sourceTree = SOURCE_ROOT;
		};
		B27230B22193206D0062A270 /* Controller */ = {
			isa = PBXGroup;
			children = (
				B27230B7219320BA0062A270 /* FirstTableViewController.h */,
				B27230B8219320BA0062A270 /* FirstTableViewController.m */,
				B27230BD219320EB0062A270 /* SecondTableViewController.h */,
				B27230BE219320EB0062A270 /* SecondTableViewController.m */,
			);
			path = Controller;
			sourceTree = "<group>";
		};
		B27230B32193207F0062A270 /* View */ = {
			isa = PBXGroup;
			children = (
				B27230AF219317E10062A270 /* CustomRefreshView.h */,
				B27230B0219317E10062A270 /* CustomRefreshView.m */,
				B27230BA219320D00062A270 /* TableViewCell.h */,
				B27230BB219320D00062A270 /* TableViewCell.m */,
			);
			path = View;
			sourceTree = "<group>";
		};
/* End PBXGroup section */

/* Begin PBXNativeTarget section */
		B27230892193146B0062A270 /* Example */ = {
			isa = PBXNativeTarget;
			buildConfigurationList = B27230A32193146D0062A270 /* Build configuration list for PBXNativeTarget "Example" */;
			buildPhases = (
				B27230862193146B0062A270 /* Sources */,
				B27230872193146B0062A270 /* Frameworks */,
				B27230882193146B0062A270 /* Resources */,
			);
			buildRules = (
			);
			dependencies = (
			);
			name = Example;
			productName = Example;
			productReference = B272308A2193146B0062A270 /* Example.app */;
			productType = "com.apple.product-type.application";
		};
/* End PBXNativeTarget section */

/* Begin PBXProject section */
		B27230822193146B0062A270 /* Project object */ = {
			isa = PBXProject;
			attributes = {
				LastUpgradeCheck = 1000;
				ORGANIZATIONNAME = xiaopin;
				TargetAttributes = {
					B27230892193146B0062A270 = {
						CreatedOnToolsVersion = 10.0;
					};
				};
			};
			buildConfigurationList = B27230852193146B0062A270 /* Build configuration list for PBXProject "Example" */;
			compatibilityVersion = "Xcode 9.3";
			developmentRegion = en;
			hasScannedForEncodings = 0;
			knownRegions = (
				en,
				Base,
			);
			mainGroup = B27230812193146B0062A270;
			productRefGroup = B272308B2193146B0062A270 /* Products */;
			projectDirPath = "";
			projectRoot = "";
			targets = (
				B27230892193146B0062A270 /* Example */,
			);
		};
/* End PBXProject section */

/* Begin PBXResourcesBuildPhase section */
		B27230882193146B0062A270 /* Resources */ = {
			isa = PBXResourcesBuildPhase;
			buildActionMask = 2147483647;
			files = (
				B272309D2193146D0062A270 /* LaunchScreen.storyboard in Resources */,
				B272309A2193146D0062A270 /* Assets.xcassets in Resources */,
				B27230982193146B0062A270 /* Main.storyboard in Resources */,
			);
			runOnlyForDeploymentPostprocessing = 0;
		};
/* End PBXResourcesBuildPhase section */

/* Begin PBXSourcesBuildPhase section */
		B27230862193146B0062A270 /* Sources */ = {
			isa = PBXSourcesBuildPhase;
			buildActionMask = 2147483647;
			files = (
				B27230B9219320BA0062A270 /* FirstTableViewController.m in Sources */,
				B27230B1219317E10062A270 /* CustomRefreshView.m in Sources */,
				B272308F2193146B0062A270 /* AppDelegate.m in Sources */,
				B27230A02193146D0062A270 /* main.m in Sources */,
				B27230BC219320D00062A270 /* TableViewCell.m in Sources */,
				B27230AE219316B60062A270 /* UITabBar+XPTabBarRefresh.m in Sources */,
				B27230BF219320EB0062A270 /* SecondTableViewController.m in Sources */,
			);
			runOnlyForDeploymentPostprocessing = 0;
		};
/* End PBXSourcesBuildPhase section */

/* Begin PBXVariantGroup section */
		B27230962193146B0062A270 /* Main.storyboard */ = {
			isa = PBXVariantGroup;
			children = (
				B27230972193146B0062A270 /* Base */,
			);
			name = Main.storyboard;
			sourceTree = "<group>";
		};
		B272309B2193146D0062A270 /* LaunchScreen.storyboard */ = {
			isa = PBXVariantGroup;
			children = (
				B272309C2193146D0062A270 /* Base */,
			);
			name = LaunchScreen.storyboard;
			sourceTree = "<group>";
		};
/* End PBXVariantGroup section */

/* Begin XCBuildConfiguration section */
		B27230A12193146D0062A270 /* Debug */ = {
			isa = XCBuildConfiguration;
			buildSettings = {
				ALWAYS_SEARCH_USER_PATHS = NO;
				CLANG_ANALYZER_NONNULL = YES;
				CLANG_ANALYZER_NUMBER_OBJECT_CONVERSION = YES_AGGRESSIVE;
				CLANG_CXX_LANGUAGE_STANDARD = "gnu++14";
				CLANG_CXX_LIBRARY = "libc++";
				CLANG_ENABLE_MODULES = YES;
				CLANG_ENABLE_OBJC_ARC = YES;
				CLANG_ENABLE_OBJC_WEAK = YES;
				CLANG_WARN_BLOCK_CAPTURE_AUTORELEASING = YES;
				CLANG_WARN_BOOL_CONVERSION = YES;
				CLANG_WARN_COMMA = YES;
				CLANG_WARN_CONSTANT_CONVERSION = YES;
				CLANG_WARN_DEPRECATED_OBJC_IMPLEMENTATIONS = YES;
				CLANG_WARN_DIRECT_OBJC_ISA_USAGE = YES_ERROR;
				CLANG_WARN_DOCUMENTATION_COMMENTS = YES;
				CLANG_WARN_EMPTY_BODY = YES;
				CLANG_WARN_ENUM_CONVERSION = YES;
				CLANG_WARN_INFINITE_RECURSION = YES;
				CLANG_WARN_INT_CONVERSION = YES;
				CLANG_WARN_NON_LITERAL_NULL_CONVERSION = YES;
				CLANG_WARN_OBJC_IMPLICIT_RETAIN_SELF = YES;
				CLANG_WARN_OBJC_LITERAL_CONVERSION = YES;
				CLANG_WARN_OBJC_ROOT_CLASS = YES_ERROR;
				CLANG_WARN_RANGE_LOOP_ANALYSIS = YES;
				CLANG_WARN_STRICT_PROTOTYPES = YES;
				CLANG_WARN_SUSPICIOUS_MOVE = YES;
				CLANG_WARN_UNGUARDED_AVAILABILITY = YES_AGGRESSIVE;
				CLANG_WARN_UNREACHABLE_CODE = YES;
				CLANG_WARN__DUPLICATE_METHOD_MATCH = YES;
				CODE_SIGN_IDENTITY = "iPhone Developer";
				COPY_PHASE_STRIP = NO;
				DEBUG_INFORMATION_FORMAT = dwarf;
				ENABLE_STRICT_OBJC_MSGSEND = YES;
				ENABLE_TESTABILITY = YES;
				GCC_C_LANGUAGE_STANDARD = gnu11;
				GCC_DYNAMIC_NO_PIC = NO;
				GCC_NO_COMMON_BLOCKS = YES;
				GCC_OPTIMIZATION_LEVEL = 0;
				GCC_PREPROCESSOR_DEFINITIONS = (
					"DEBUG=1",
					"$(inherited)",
				);
				GCC_WARN_64_TO_32_BIT_CONVERSION = YES;
				GCC_WARN_ABOUT_RETURN_TYPE = YES_ERROR;
				GCC_WARN_UNDECLARED_SELECTOR = YES;
				GCC_WARN_UNINITIALIZED_AUTOS = YES_AGGRESSIVE;
				GCC_WARN_UNUSED_FUNCTION = YES;
				GCC_WARN_UNUSED_VARIABLE = YES;
				IPHONEOS_DEPLOYMENT_TARGET = 12.0;
				MTL_ENABLE_DEBUG_INFO = INCLUDE_SOURCE;
				MTL_FAST_MATH = YES;
				ONLY_ACTIVE_ARCH = YES;
				SDKROOT = iphoneos;
			};
			name = Debug;
		};
		B27230A22193146D0062A270 /* Release */ = {
			isa = XCBuildConfiguration;
			buildSettings = {
				ALWAYS_SEARCH_USER_PATHS = NO;
				CLANG_ANALYZER_NONNULL = YES;
				CLANG_ANALYZER_NUMBER_OBJECT_CONVERSION = YES_AGGRESSIVE;
				CLANG_CXX_LANGUAGE_STANDARD = "gnu++14";
				CLANG_CXX_LIBRARY = "libc++";
				CLANG_ENABLE_MODULES = YES;
				CLANG_ENABLE_OBJC_ARC = YES;
				CLANG_ENABLE_OBJC_WEAK = YES;
				CLANG_WARN_BLOCK_CAPTURE_AUTORELEASING = YES;
				CLANG_WARN_BOOL_CONVERSION = YES;
				CLANG_WARN_COMMA = YES;
				CLANG_WARN_CONSTANT_CONVERSION = YES;
				CLANG_WARN_DEPRECATED_OBJC_IMPLEMENTATIONS = YES;
				CLANG_WARN_DIRECT_OBJC_ISA_USAGE = YES_ERROR;
				CLANG_WARN_DOCUMENTATION_COMMENTS = YES;
				CLANG_WARN_EMPTY_BODY = YES;
				CLANG_WARN_ENUM_CONVERSION = YES;
				CLANG_WARN_INFINITE_RECURSION = YES;
				CLANG_WARN_INT_CONVERSION = YES;
				CLANG_WARN_NON_LITERAL_NULL_CONVERSION = YES;
				CLANG_WARN_OBJC_IMPLICIT_RETAIN_SELF = YES;
				CLANG_WARN_OBJC_LITERAL_CONVERSION = YES;
				CLANG_WARN_OBJC_ROOT_CLASS = YES_ERROR;
				CLANG_WARN_RANGE_LOOP_ANALYSIS = YES;
				CLANG_WARN_STRICT_PROTOTYPES = YES;
				CLANG_WARN_SUSPICIOUS_MOVE = YES;
				CLANG_WARN_UNGUARDED_AVAILABILITY = YES_AGGRESSIVE;
				CLANG_WARN_UNREACHABLE_CODE = YES;
				CLANG_WARN__DUPLICATE_METHOD_MATCH = YES;
				CODE_SIGN_IDENTITY = "iPhone Developer";
				COPY_PHASE_STRIP = NO;
				DEBUG_INFORMATION_FORMAT = "dwarf-with-dsym";
				ENABLE_NS_ASSERTIONS = NO;
				ENABLE_STRICT_OBJC_MSGSEND = YES;
				GCC_C_LANGUAGE_STANDARD = gnu11;
				GCC_NO_COMMON_BLOCKS = YES;
				GCC_WARN_64_TO_32_BIT_CONVERSION = YES;
				GCC_WARN_ABOUT_RETURN_TYPE = YES_ERROR;
				GCC_WARN_UNDECLARED_SELECTOR = YES;
				GCC_WARN_UNINITIALIZED_AUTOS = YES_AGGRESSIVE;
				GCC_WARN_UNUSED_FUNCTION = YES;
				GCC_WARN_UNUSED_VARIABLE = YES;
				IPHONEOS_DEPLOYMENT_TARGET = 12.0;
				MTL_ENABLE_DEBUG_INFO = NO;
				MTL_FAST_MATH = YES;
				SDKROOT = iphoneos;
				VALIDATE_PRODUCT = YES;
			};
			name = Release;
		};
		B27230A42193146D0062A270 /* Debug */ = {
			isa = XCBuildConfiguration;
			buildSettings = {
				ASSETCATALOG_COMPILER_APPICON_NAME = AppIcon;
				CODE_SIGN_STYLE = Automatic;
				DEVELOPMENT_TEAM = "";
				INFOPLIST_FILE = Example/Info.plist;
				IPHONEOS_DEPLOYMENT_TARGET = 10.0;
				LD_RUNPATH_SEARCH_PATHS = (
					"$(inherited)",
					"@executable_path/Frameworks",
				);
				PRODUCT_BUNDLE_IDENTIFIER = com.0daybug.Example;
				PRODUCT_NAME = "$(TARGET_NAME)";
				TARGETED_DEVICE_FAMILY = "1,2";
			};
			name = Debug;
		};
		B27230A52193146D0062A270 /* Release */ = {
			isa = XCBuildConfiguration;
			buildSettings = {
				ASSETCATALOG_COMPILER_APPICON_NAME = AppIcon;
				CODE_SIGN_STYLE = Automatic;
				DEVELOPMENT_TEAM = "";
				INFOPLIST_FILE = Example/Info.plist;
				IPHONEOS_DEPLOYMENT_TARGET = 10.0;
				LD_RUNPATH_SEARCH_PATHS = (
					"$(inherited)",
					"@executable_path/Frameworks",
				);
				PRODUCT_BUNDLE_IDENTIFIER = com.0daybug.Example;
				PRODUCT_NAME = "$(TARGET_NAME)";
				TARGETED_DEVICE_FAMILY = "1,2";
			};
			name = Release;
		};
/* End XCBuildConfiguration section */

/* Begin XCConfigurationList section */
		B27230852193146B0062A270 /* Build configuration list for PBXProject "Example" */ = {
			isa = XCConfigurationList;
			buildConfigurations = (
				B27230A12193146D0062A270 /* Debug */,
				B27230A22193146D0062A270 /* Release */,
			);
			defaultConfigurationIsVisible = 0;
			defaultConfigurationName = Release;
		};
		B27230A32193146D0062A270 /* Build configuration list for PBXNativeTarget "Example" */ = {
			isa = XCConfigurationList;
			buildConfigurations = (
				B27230A42193146D0062A270 /* Debug */,
				B27230A52193146D0062A270 /* Release */,
			);
			defaultConfigurationIsVisible = 0;
			defaultConfigurationName = Release;
		};
/* End XCConfigurationList section */
	};
	rootObject = B27230822193146B0062A270 /* Project object */;
}
